
Microsoft Visual Studio Solution File, Format Version 11.00
# Visual Studio 2010
Project("{8BC9CEB8-8B4A-11D0-8D11-00A0C91BC942}") = "lesson_29", "lesson_29\lesson_29.vcxproj", "{75F8F9C6-2170-4080-A2A8-16A194E48D1E}"
EndProject
Global
	GlobalSection(SolutionConfigurationPlatforms) = preSolution
		Debug|Win32 = Debug|Win32
		Release|Win32 = Release|Win32
	EndGlobalSection
	GlobalSection(ProjectConfigurationPlatforms) = postSolution
		{75F8F9C6-2170-4080-A2A8-16A194E48D1E}.Debug|Win32.ActiveCfg = Debug|Win32
		{75F8F9C6-2170-4080-A2A8-16A194E48D1E}.Debug|Win32.Build.0 = Debug|Win32
		{75F8F9C6-2170-4080-A2A8-16A194E48D1E}.Release|Win32.ActiveCfg = Release|Win32
		{75F8F9C6-2170-4080-A2A8-16A194E48D1E}.Release|Win32.Build.0 = Release|Win32
	EndGlobalSection
	GlobalSection(SolutionProperties) = preSolution
		HideSolutionNode = FALSE
	EndGlobalSection
EndGlobal
